
Microsoft Visual Studio Solution File, Format Version 12.00
# Visual Studio Version 17
VisualStudioVersion = 17.0.31903.59
MinimumVisualStudioVersion = 10.0.40219.1
Project("{FAE04EC0-301F-11D3-BF4B-00C04F79EFBC}") = "QueryOptimisation", "QueryOptimisation\QueryOptimisation.csproj", "{42F173AA-5774-4084-99E8-8875CC835040}"
EndProject
Project("{FAE04EC0-301F-11D3-BF4B-00C04F79EFBC}") = "QueryOptimisation.Tests", "QueryOptimisation.Tests\QueryOptimisation.Tests.csproj", "{4E0F976A-426E-4EFB-A222-6A1B3A5A5EA5}"
EndProject
Global
	GlobalSection(SolutionConfigurationPlatforms) = preSolution
		Debug|Any CPU = Debug|Any CPU
		Release|Any CPU = Release|Any CPU
	EndGlobalSection
	GlobalSection(SolutionProperties) = preSolution
		HideSolutionNode = FALSE
	EndGlobalSection
	GlobalSection(ProjectConfigurationPlatforms) = postSolution
		{42F173AA-5774-4084-99E8-8875CC835040}.Debug|Any CPU.ActiveCfg = Debug|Any CPU
		{42F173AA-5774-4084-99E8-8875CC835040}.Debug|Any CPU.Build.0 = Debug|Any CPU
		{42F173AA-5774-4084-99E8-8875CC835040}.Release|Any CPU.ActiveCfg = Release|Any CPU
		{42F173AA-5774-4084-99E8-8875CC835040}.Release|Any CPU.Build.0 = Release|Any CPU
		{4E0F976A-426E-4EFB-A222-6A1B3A5A5EA5}.Debug|Any CPU.ActiveCfg = Debug|Any CPU
		{4E0F976A-426E-4EFB-A222-6A1B3A5A5EA5}.Debug|Any CPU.Build.0 = Debug|Any CPU
		{4E0F976A-426E-4EFB-A222-6A1B3A5A5EA5}.Release|Any CPU.ActiveCfg = Release|Any CPU
		{4E0F976A-426E-4EFB-A222-6A1B3A5A5EA5}.Release|Any CPU.Build.0 = Release|Any CPU
	EndGlobalSection
EndGlobal
